
Microsoft Visual Studio Solution File, Format Version 12.00
# Visual Studio Version 17
VisualStudioVersion = 17.3.32901.215
MinimumVisualStudioVersion = 10.0.40219.1
Project("{9A19103F-16F7-4668-BE54-9A1E7A4F7556}") = "aplabs_nastya", "aplabs_nastya\aplabs_nastya.csproj", "{A79B6CA0-22CA-4724-9285-DBEA668CB976}"
EndProject
Project("{FAE04EC0-301F-11D3-BF4B-00C04F79EFBC}") = "Contracts", "Contracts\Contracts.csproj", "{4D9D28E7-1E09-4CD0-A3B5-C38119908E03}"
EndProject
Project("{FAE04EC0-301F-11D3-BF4B-00C04F79EFBC}") = "LoggerService", "LoggerService\LoggerService.csproj", "{BD394D97-C672-4DAF-B6F8-E5FCA5EEE5EB}"
EndProject
Project("{FAE04EC0-301F-11D3-BF4B-00C04F79EFBC}") = "Entities", "Entities\Entities.csproj", "{BF86398E-36BD-48F3-9EEB-52FB00447348}"
EndProject
Project("{FAE04EC0-301F-11D3-BF4B-00C04F79EFBC}") = "Repository", "Repository\Repository.csproj", "{803EE2F0-E060-4E03-8A0F-125792AD66B9}"
EndProject
Global
	GlobalSection(SolutionConfigurationPlatforms) = preSolution
		Debug|Any CPU = Debug|Any CPU
		Release|Any CPU = Release|Any CPU
	EndGlobalSection
	GlobalSection(ProjectConfigurationPlatforms) = postSolution
		{A79B6CA0-22CA-4724-9285-DBEA668CB976}.Debug|Any CPU.ActiveCfg = Debug|Any CPU
		{A79B6CA0-22CA-4724-9285-DBEA668CB976}.Debug|Any CPU.Build.0 = Debug|Any CPU
		{A79B6CA0-22CA-4724-9285-DBEA668CB976}.Release|Any CPU.ActiveCfg = Release|Any CPU
		{A79B6CA0-22CA-4724-9285-DBEA668CB976}.Release|Any CPU.Build.0 = Release|Any CPU
		{4D9D28E7-1E09-4CD0-A3B5-C38119908E03}.Debug|Any CPU.ActiveCfg = Debug|Any CPU
		{4D9D28E7-1E09-4CD0-A3B5-C38119908E03}.Debug|Any CPU.Build.0 = Debug|Any CPU
		{4D9D28E7-1E09-4CD0-A3B5-C38119908E03}.Release|Any CPU.ActiveCfg = Release|Any CPU
		{4D9D28E7-1E09-4CD0-A3B5-C38119908E03}.Release|Any CPU.Build.0 = Release|Any CPU
		{BD394D97-C672-4DAF-B6F8-E5FCA5EEE5EB}.Debug|Any CPU.ActiveCfg = Debug|Any CPU
		{BD394D97-C672-4DAF-B6F8-E5FCA5EEE5EB}.Debug|Any CPU.Build.0 = Debug|Any CPU
		{BD394D97-C672-4DAF-B6F8-E5FCA5EEE5EB}.Release|Any CPU.ActiveCfg = Release|Any CPU
		{BD394D97-C672-4DAF-B6F8-E5FCA5EEE5EB}.Release|Any CPU.Build.0 = Release|Any CPU
		{BF86398E-36BD-48F3-9EEB-52FB00447348}.Debug|Any CPU.ActiveCfg = Debug|Any CPU
		{BF86398E-36BD-48F3-9EEB-52FB00447348}.Debug|Any CPU.Build.0 = Debug|Any CPU
		{BF86398E-36BD-48F3-9EEB-52FB00447348}.Release|Any CPU.ActiveCfg = Release|Any CPU
		{BF86398E-36BD-48F3-9EEB-52FB00447348}.Release|Any CPU.Build.0 = Release|Any CPU
		{803EE2F0-E060-4E03-8A0F-125792AD66B9}.Debug|Any CPU.ActiveCfg = Debug|Any CPU
		{803EE2F0-E060-4E03-8A0F-125792AD66B9}.Debug|Any CPU.Build.0 = Debug|Any CPU
		{803EE2F0-E060-4E03-8A0F-125792AD66B9}.Release|Any CPU.ActiveCfg = Release|Any CPU
		{803EE2F0-E060-4E03-8A0F-125792AD66B9}.Release|Any CPU.Build.0 = Release|Any CPU
	EndGlobalSection
	GlobalSection(SolutionProperties) = preSolution
		HideSolutionNode = FALSE
	EndGlobalSection
	GlobalSection(ExtensibilityGlobals) = postSolution
		SolutionGuid = {34A91AAB-40FB-4AF3-A05F-9BF8008C0663}
	EndGlobalSection
EndGlobal
